
Microsoft Visual Studio Solution File, Format Version 12.00
# Visual Studio for Mac
Project("{FAE04EC0-301F-11D3-BF4B-00C04F79EFBC}") = "firstShelf", "Assembly-CSharp.csproj", "{077BBDAD-FB01-3891-A6EE-4B882C1D9F2E}"
EndProject
Global
	GlobalSection(SolutionConfigurationPlatforms) = preSolution
		Debug|Any CPU = Debug|Any CPU
		Release|Any CPU = Release|Any CPU
	EndGlobalSection
	GlobalSection(ProjectConfigurationPlatforms) = postSolution
		{077BBDAD-FB01-3891-A6EE-4B882C1D9F2E}.Debug|Any CPU.ActiveCfg = Debug|Any CPU
		{077BBDAD-FB01-3891-A6EE-4B882C1D9F2E}.Debug|Any CPU.Build.0 = Debug|Any CPU
		{077BBDAD-FB01-3891-A6EE-4B882C1D9F2E}.Release|Any CPU.ActiveCfg = Release|Any CPU
		{077BBDAD-FB01-3891-A6EE-4B882C1D9F2E}.Release|Any CPU.Build.0 = Release|Any CPU
	EndGlobalSection
	GlobalSection(SolutionProperties) = preSolution
		HideSolutionNode = FALSE
	EndGlobalSection
EndGlobal
